
Microsoft Visual Studio Solution File, Format Version 12.00
# Visual Studio Version 17
VisualStudioVersion = 17.7.33808.371
MinimumVisualStudioVersion = 10.0.40219.1
Project("{2150E333-8FDC-42A3-9474-1A3956D46DE8}") = "1 - APIs", "1 - APIs", "{CE5C9F84-7CDD-464D-8E36-0E8E37C477D9}"
EndProject
Project("{9A19103F-16F7-4668-BE54-9A1E7A4F7556}") = "WebAPI", "WebAPI\WebAPI.csproj", "{3F38CD22-4E09-4B00-949B-87533B45D6EE}"
EndProject
Global
	GlobalSection(SolutionConfigurationPlatforms) = preSolution
		Debug|Any CPU = Debug|Any CPU
		Release|Any CPU = Release|Any CPU
	EndGlobalSection
	GlobalSection(ProjectConfigurationPlatforms) = postSolution
		{3F38CD22-4E09-4B00-949B-87533B45D6EE}.Debug|Any CPU.ActiveCfg = Debug|Any CPU
		{3F38CD22-4E09-4B00-949B-87533B45D6EE}.Debug|Any CPU.Build.0 = Debug|Any CPU
		{3F38CD22-4E09-4B00-949B-87533B45D6EE}.Release|Any CPU.ActiveCfg = Release|Any CPU
		{3F38CD22-4E09-4B00-949B-87533B45D6EE}.Release|Any CPU.Build.0 = Release|Any CPU
	EndGlobalSection
	GlobalSection(SolutionProperties) = preSolution
		HideSolutionNode = FALSE
	EndGlobalSection
	GlobalSection(NestedProjects) = preSolution
		{3F38CD22-4E09-4B00-949B-87533B45D6EE} = {CE5C9F84-7CDD-464D-8E36-0E8E37C477D9}
	EndGlobalSection
	GlobalSection(ExtensibilityGlobals) = postSolution
		SolutionGuid = {CC290BBB-7071-4913-9BEE-699B90531B21}
	EndGlobalSection
EndGlobal
